// !$*UTF8*$!
{
	archiveVersion = 1;
	classes = {
	};
	objectVersion = 48;
	objects = {

/* Begin PBXBuildFile section */
		DA056E85203FC7A6007EECAE /* DataModel.swift in Sources */ = {isa = PBXBuildFile; fileRef = DA056E84203FC7A6007EECAE /* DataModel.swift */; };
		DA056E88203FC982007EECAE /* ForgotPasswordViewController.swift in Sources */ = {isa = PBXBuildFile; fileRef = DA056E87203FC982007EECAE /* ForgotPasswordViewController.swift */; };
		DA13CFFD203E0A7D0021EB7E /* AppDelegate.swift in Sources */ = {isa = PBXBuildFile; fileRef = DA13CFFC203E0A7D0021EB7E /* AppDelegate.swift */; };
		DA13CFFF203E0A7D0021EB7E /* LoginViewController.swift in Sources */ = {isa = PBXBuildFile; fileRef = DA13CFFE203E0A7D0021EB7E /* LoginViewController.swift */; };
		DA13D002203E0A7D0021EB7E /* Main.storyboard in Resources */ = {isa = PBXBuildFile; fileRef = DA13D000203E0A7D0021EB7E /* Main.storyboard */; };
		DA13D004203E0A7D0021EB7E /* Assets.xcassets in Resources */ = {isa = PBXBuildFile; fileRef = DA13D003203E0A7D0021EB7E /* Assets.xcassets */; };
		DA13D007203E0A7D0021EB7E /* LaunchScreen.storyboard in Resources */ = {isa = PBXBuildFile; fileRef = DA13D005203E0A7D0021EB7E /* LaunchScreen.storyboard */; };
		DA13D00F203E0ABD0021EB7E /* GoogleService-Info.plist in Resources */ = {isa = PBXBuildFile; fileRef = DA13D00E203E0ABD0021EB7E /* GoogleService-Info.plist */; };
		DA2C31F4204DC4C400FF6444 /* MarketNavController.swift in Sources */ = {isa = PBXBuildFile; fileRef = DA2C31F3204DC4C400FF6444 /* MarketNavController.swift */; };
		DA2E85DD2043A7B40057C4C6 /* MoreTableViewController.swift in Sources */ = {isa = PBXBuildFile; fileRef = DA2E85DC2043A7B40057C4C6 /* MoreTableViewController.swift */; };
		DA2E85DF2043C62E0057C4C6 /* FirebaseAPI.swift in Sources */ = {isa = PBXBuildFile; fileRef = DA2E85DE2043C62E0057C4C6 /* FirebaseAPI.swift */; };
		DA2E85E22043C8110057C4C6 /* Extensions.swift in Sources */ = {isa = PBXBuildFile; fileRef = DA2E85E12043C8110057C4C6 /* Extensions.swift */; };
		DA2E916420487F9F00AF0247 /* DetailedTableViewController.swift in Sources */ = {isa = PBXBuildFile; fileRef = DA2E916320487F9F00AF0247 /* DetailedTableViewController.swift */; };
		DA2E91662048FF7900AF0247 /* AlcoholSelectionTableViewController.swift in Sources */ = {isa = PBXBuildFile; fileRef = DA2E91652048FF7900AF0247 /* AlcoholSelectionTableViewController.swift */; };
		DAA23AD22040B08900D481E2 /* MarketTableViewController.swift in Sources */ = {isa = PBXBuildFile; fileRef = DAA23AD12040B08900D481E2 /* MarketTableViewController.swift */; };
		DAB177B120421771009F0B45 /* MarketTableViewCell.swift in Sources */ = {isa = PBXBuildFile; fileRef = DAB177B020421771009F0B45 /* MarketTableViewCell.swift */; };
		DADC7B75203E17E100F87438 /* Login.storyboard in Resources */ = {isa = PBXBuildFile; fileRef = DADC7B74203E17E100F87438 /* Login.storyboard */; };
		DADC7B77203E6A4900F87438 /* RegisterViewController.swift in Sources */ = {isa = PBXBuildFile; fileRef = DADC7B76203E6A4900F87438 /* RegisterViewController.swift */; };
		DDA4E6EB6D878ECD74290C15 /* Pods_Brewiskey.framework in Frameworks */ = {isa = PBXBuildFile; fileRef = 6018CC304C6E50FF5E034F2A /* Pods_Brewiskey.framework */; };
/* End PBXBuildFile section */

/* Begin PBXFileReference section */
		6018CC304C6E50FF5E034F2A /* Pods_Brewiskey.framework */ = {isa = PBXFileReference; explicitFileType = wrapper.framework; includeInIndex = 0; path = Pods_Brewiskey.framework; sourceTree = BUILT_PRODUCTS_DIR; };
		9331F07D589DD426C72146BB /* Pods-Brewiskey.release.xcconfig */ = {isa = PBXFileReference; includeInIndex = 1; lastKnownFileType = text.xcconfig; name = "Pods-Brewiskey.release.xcconfig"; path = "Pods/Target Support Files/Pods-Brewiskey/Pods-Brewiskey.release.xcconfig"; sourceTree = "<group>"; };
		DA056E84203FC7A6007EECAE /* DataModel.swift */ = {isa = PBXFileReference; lastKnownFileType = sourcecode.swift; path = DataModel.swift; sourceTree = "<group>"; };
		DA056E87203FC982007EECAE /* ForgotPasswordViewController.swift */ = {isa = PBXFileReference; lastKnownFileType = sourcecode.swift; path = ForgotPasswordViewController.swift; sourceTree = "<group>"; };
		DA13CFF9203E0A7D0021EB7E /* Brewiskey.app */ = {isa = PBXFileReference; explicitFileType = wrapper.application; includeInIndex = 0; path = Brewiskey.app; sourceTree = BUILT_PRODUCTS_DIR; };
		DA13CFFC203E0A7D0021EB7E /* AppDelegate.swift */ = {isa = PBXFileReference; lastKnownFileType = sourcecode.swift; path = AppDelegate.swift; sourceTree = "<group>"; };
		DA13CFFE203E0A7D0021EB7E /* LoginViewController.swift */ = {isa = PBXFileReference; lastKnownFileType = sourcecode.swift; path = LoginViewController.swift; sourceTree = "<group>"; };
		DA13D001203E0A7D0021EB7E /* Base */ = {isa = PBXFileReference; lastKnownFileType = file.storyboard; name = Base; path = Base.lproj/Main.storyboard; sourceTree = "<group>"; };
		DA13D003203E0A7D0021EB7E /* Assets.xcassets */ = {isa = PBXFileReference; lastKnownFileType = folder.assetcatalog; path = Assets.xcassets; sourceTree = "<group>"; };
		DA13D006203E0A7D0021EB7E /* Base */ = {isa = PBXFileReference; lastKnownFileType = file.storyboard; name = Base; path = Base.lproj/LaunchScreen.storyboard; sourceTree = "<group>"; };
		DA13D008203E0A7D0021EB7E /* Info.plist */ = {isa = PBXFileReference; lastKnownFileType = text.plist.xml; path = Info.plist; sourceTree = "<group>"; };
		DA13D00E203E0ABD0021EB7E /* GoogleService-Info.plist */ = {isa = PBXFileReference; fileEncoding = 4; lastKnownFileType = text.plist.xml; path = "GoogleService-Info.plist"; sourceTree = "<group>"; };
		DA2C31F3204DC4C400FF6444 /* MarketNavController.swift */ = {isa = PBXFileReference; lastKnownFileType = sourcecode.swift; path = MarketNavController.swift; sourceTree = "<group>"; };
		DA2E85DC2043A7B40057C4C6 /* MoreTableViewController.swift */ = {isa = PBXFileReference; lastKnownFileType = sourcecode.swift; path = MoreTableViewController.swift; sourceTree = "<group>"; };
		DA2E85DE2043C62E0057C4C6 /* FirebaseAPI.swift */ = {isa = PBXFileReference; lastKnownFileType = sourcecode.swift; path = FirebaseAPI.swift; sourceTree = "<group>"; };
		DA2E85E12043C8110057C4C6 /* Extensions.swift */ = {isa = PBXFileReference; lastKnownFileType = sourcecode.swift; path = Extensions.swift; sourceTree = "<group>"; };
		DA2E916320487F9F00AF0247 /* DetailedTableViewController.swift */ = {isa = PBXFileReference; lastKnownFileType = sourcecode.swift; path = DetailedTableViewController.swift; sourceTree = "<group>"; };
		DA2E91652048FF7900AF0247 /* AlcoholSelectionTableViewController.swift */ = {isa = PBXFileReference; lastKnownFileType = sourcecode.swift; path = AlcoholSelectionTableViewController.swift; sourceTree = "<group>"; };
		DAA23AD12040B08900D481E2 /* MarketTableViewController.swift */ = {isa = PBXFileReference; lastKnownFileType = sourcecode.swift; path = MarketTableViewController.swift; sourceTree = "<group>"; };
		DAB177B020421771009F0B45 /* MarketTableViewCell.swift */ = {isa = PBXFileReference; lastKnownFileType = sourcecode.swift; path = MarketTableViewCell.swift; sourceTree = "<group>"; };
		DADC7B74203E17E100F87438 /* Login.storyboard */ = {isa = PBXFileReference; lastKnownFileType = file.storyboard; path = Login.storyboard; sourceTree = "<group>"; };
		DADC7B76203E6A4900F87438 /* RegisterViewController.swift */ = {isa = PBXFileReference; lastKnownFileType = sourcecode.swift; path = RegisterViewController.swift; sourceTree = "<group>"; };
		F894043FE0F9A2676D6EDB6C /* Pods-Brewiskey.debug.xcconfig */ = {isa = PBXFileReference; includeInIndex = 1; lastKnownFileType = text.xcconfig; name = "Pods-Brewiskey.debug.xcconfig"; path = "Pods/Target Support Files/Pods-Brewiskey/Pods-Brewiskey.debug.xcconfig"; sourceTree = "<group>"; };
/* End PBXFileReference section */

/* Begin PBXFrameworksBuildPhase section */
		DA13CFF6203E0A7C0021EB7E /* Frameworks */ = {
			isa = PBXFrameworksBuildPhase;
			buildActionMask = 2147483647;
			files = (
				DDA4E6EB6D878ECD74290C15 /* Pods_Brewiskey.framework in Frameworks */,
			);
			runOnlyForDeploymentPostprocessing = 0;
		};
/* End PBXFrameworksBuildPhase section */

/* Begin PBXGroup section */
		8C7CEA58751C949CCEC1B0E5 /* Pods */ = {
			isa = PBXGroup;
			children = (
				F894043FE0F9A2676D6EDB6C /* Pods-Brewiskey.debug.xcconfig */,
				9331F07D589DD426C72146BB /* Pods-Brewiskey.release.xcconfig */,
			);
			name = Pods;
			sourceTree = "<group>";
		};
		DA056E86203FC8DB007EECAE /* Supporting Files */ = {
			isa = PBXGroup;
			children = (
			);
			path = "Supporting Files";
			sourceTree = "<group>";
		};
		DA13CFF0203E0A7C0021EB7E = {
			isa = PBXGroup;
			children = (
				DA13CFFB203E0A7D0021EB7E /* Brewiskey */,
				DA13CFFA203E0A7D0021EB7E /* Products */,
				8C7CEA58751C949CCEC1B0E5 /* Pods */,
				FE9E7D2D697B8090B543F272 /* Frameworks */,
			);
			sourceTree = "<group>";
		};
		DA13CFFA203E0A7D0021EB7E /* Products */ = {
			isa = PBXGroup;
			children = (
				DA13CFF9203E0A7D0021EB7E /* Brewiskey.app */,
			);
			name = Products;
			sourceTree = "<group>";
		};
		DA13CFFB203E0A7D0021EB7E /* Brewiskey */ = {
			isa = PBXGroup;
			children = (
				DA13D003203E0A7D0021EB7E /* Assets.xcassets */,
				DA13CFFC203E0A7D0021EB7E /* AppDelegate.swift */,
				DA13D008203E0A7D0021EB7E /* Info.plist */,
				DA13D00E203E0ABD0021EB7E /* GoogleService-Info.plist */,
				DA13D005203E0A7D0021EB7E /* LaunchScreen.storyboard */,
				DADC7B70203E175500F87438 /* Data */,
				DADC7B71203E176B00F87438 /* View */,
				DADC7B72203E178200F87438 /* Login */,
				DADC7B73203E179600F87438 /* Main */,
				DA2E85E02043C7F90057C4C6 /* Helper */,
				DA056E86203FC8DB007EECAE /* Supporting Files */,
			);
			path = Brewiskey;
			sourceTree = "<group>";
		};
		DA2E85E02043C7F90057C4C6 /* Helper */ = {
			isa = PBXGroup;
			children = (
				DA2E85E12043C8110057C4C6 /* Extensions.swift */,
			);
			path = Helper;
			sourceTree = "<group>";
		};
		DADC7B70203E175500F87438 /* Data */ = {
			isa = PBXGroup;
			children = (
				DA056E84203FC7A6007EECAE /* DataModel.swift */,
			);
			path = Data;
			sourceTree = "<group>";
		};
		DADC7B71203E176B00F87438 /* View */ = {
			isa = PBXGroup;
			children = (
				DADC7B74203E17E100F87438 /* Login.storyboard */,
				DA13D000203E0A7D0021EB7E /* Main.storyboard */,
			);
			path = View;
			sourceTree = "<group>";
		};
		DADC7B72203E178200F87438 /* Login */ = {
			isa = PBXGroup;
			children = (
				DA13CFFE203E0A7D0021EB7E /* LoginViewController.swift */,
				DA056E87203FC982007EECAE /* ForgotPasswordViewController.swift */,
				DADC7B76203E6A4900F87438 /* RegisterViewController.swift */,
			);
			path = Login;
			sourceTree = "<group>";
		};
		DADC7B73203E179600F87438 /* Main */ = {
			isa = PBXGroup;
			children = (
				DA2E85DE2043C62E0057C4C6 /* FirebaseAPI.swift */,
				DA2C31F3204DC4C400FF6444 /* MarketNavController.swift */,
				DAA23AD12040B08900D481E2 /* MarketTableViewController.swift */,
				DAB177B020421771009F0B45 /* MarketTableViewCell.swift */,
				DA2E916320487F9F00AF0247 /* DetailedTableViewController.swift */,
				DA2E91652048FF7900AF0247 /* AlcoholSelectionTableViewController.swift */,
				DA2E85DC2043A7B40057C4C6 /* MoreTableViewController.swift */,
			);
			path = Main;
			sourceTree = "<group>";
		};
		FE9E7D2D697B8090B543F272 /* Frameworks */ = {
			isa = PBXGroup;
			children = (
				6018CC304C6E50FF5E034F2A /* Pods_Brewiskey.framework */,
			);
			name = Frameworks;
			sourceTree = "<group>";
		};
/* End PBXGroup section */

/* Begin PBXNativeTarget section */
		DA13CFF8203E0A7C0021EB7E /* Brewiskey */ = {
			isa = PBXNativeTarget;
			buildConfigurationList = DA13D00B203E0A7D0021EB7E /* Build configuration list for PBXNativeTarget "Brewiskey" */;
			buildPhases = (
				870062A3AF581A17ECD7A8EE /* [CP] Check Pods Manifest.lock */,
				DA13CFF5203E0A7C0021EB7E /* Sources */,
				DA13CFF6203E0A7C0021EB7E /* Frameworks */,
				DA13CFF7203E0A7C0021EB7E /* Resources */,
				399EB37D478276C5A687DDD8 /* [CP] Embed Pods Frameworks */,
				37909F97A566BD94AB0FE84E /* [CP] Copy Pods Resources */,
			);
			buildRules = (
			);
			dependencies = (
			);
			name = Brewiskey;
			productName = Brewiskey;
			productReference = DA13CFF9203E0A7D0021EB7E /* Brewiskey.app */;
			productType = "com.apple.product-type.application";
		};
/* End PBXNativeTarget section */

/* Begin PBXProject section */
		DA13CFF1203E0A7C0021EB7E /* Project object */ = {
			isa = PBXProject;
			attributes = {
				LastSwiftUpdateCheck = 0920;
				LastUpgradeCheck = 0920;
				ORGANIZATIONNAME = Paul;
				TargetAttributes = {
					DA13CFF8203E0A7C0021EB7E = {
						CreatedOnToolsVersion = 9.2;
						ProvisioningStyle = Automatic;
					};
				};
			};
			buildConfigurationList = DA13CFF4203E0A7C0021EB7E /* Build configuration list for PBXProject "Brewiskey" */;
			compatibilityVersion = "Xcode 8.0";
			developmentRegion = en;
			hasScannedForEncodings = 0;
			knownRegions = (
				en,
				Base,
			);
			mainGroup = DA13CFF0203E0A7C0021EB7E;
			productRefGroup = DA13CFFA203E0A7D0021EB7E /* Products */;
			projectDirPath = "";
			projectRoot = "";
			targets = (
				DA13CFF8203E0A7C0021EB7E /* Brewiskey */,
			);
		};
/* End PBXProject section */

/* Begin PBXResourcesBuildPhase section */
		DA13CFF7203E0A7C0021EB7E /* Resources */ = {
			isa = PBXResourcesBuildPhase;
			buildActionMask = 2147483647;
			files = (
				DA13D007203E0A7D0021EB7E /* LaunchScreen.storyboard in Resources */,
				DA13D00F203E0ABD0021EB7E /* GoogleService-Info.plist in Resources */,
				DA13D004203E0A7D0021EB7E /* Assets.xcassets in Resources */,
				DADC7B75203E17E100F87438 /* Login.storyboard in Resources */,
				DA13D002203E0A7D0021EB7E /* Main.storyboard in Resources */,
			);
			runOnlyForDeploymentPostprocessing = 0;
		};
/* End PBXResourcesBuildPhase section */

/* Begin PBXShellScriptBuildPhase section */
		37909F97A566BD94AB0FE84E /* [CP] Copy Pods Resources */ = {
			isa = PBXShellScriptBuildPhase;
			buildActionMask = 2147483647;
			files = (
			);
			inputPaths = (
			);
			name = "[CP] Copy Pods Resources";
			outputPaths = (
			);
			runOnlyForDeploymentPostprocessing = 0;
			shellPath = /bin/sh;
			shellScript = "\"${SRCROOT}/Pods/Target Support Files/Pods-Brewiskey/Pods-Brewiskey-resources.sh\"\n";
			showEnvVarsInLog = 0;
		};
		399EB37D478276C5A687DDD8 /* [CP] Embed Pods Frameworks */ = {
			isa = PBXShellScriptBuildPhase;
			buildActionMask = 2147483647;
			files = (
			);
			inputPaths = (
				"${SRCROOT}/Pods/Target Support Files/Pods-Brewiskey/Pods-Brewiskey-frameworks.sh",
				"${BUILT_PRODUCTS_DIR}/GTMSessionFetcher/GTMSessionFetcher.framework",
				"${BUILT_PRODUCTS_DIR}/GoogleToolboxForMac/GoogleToolboxForMac.framework",
				"${BUILT_PRODUCTS_DIR}/leveldb-library/leveldb.framework",
				"${BUILT_PRODUCTS_DIR}/nanopb/nanopb.framework",
			);
			name = "[CP] Embed Pods Frameworks";
			outputPaths = (
				"${TARGET_BUILD_DIR}/${FRAMEWORKS_FOLDER_PATH}/GTMSessionFetcher.framework",
				"${TARGET_BUILD_DIR}/${FRAMEWORKS_FOLDER_PATH}/GoogleToolboxForMac.framework",
				"${TARGET_BUILD_DIR}/${FRAMEWORKS_FOLDER_PATH}/leveldb.framework",
				"${TARGET_BUILD_DIR}/${FRAMEWORKS_FOLDER_PATH}/nanopb.framework",
			);
			runOnlyForDeploymentPostprocessing = 0;
			shellPath = /bin/sh;
			shellScript = "\"${SRCROOT}/Pods/Target Support Files/Pods-Brewiskey/Pods-Brewiskey-frameworks.sh\"\n";
			showEnvVarsInLog = 0;
		};
		870062A3AF581A17ECD7A8EE /* [CP] Check Pods Manifest.lock */ = {
			isa = PBXShellScriptBuildPhase;
			buildActionMask = 2147483647;
			files = (
			);
			inputPaths = (
				"${PODS_PODFILE_DIR_PATH}/Podfile.lock",
				"${PODS_ROOT}/Manifest.lock",
			);
			name = "[CP] Check Pods Manifest.lock";
			outputPaths = (
				"$(DERIVED_FILE_DIR)/Pods-Brewiskey-checkManifestLockResult.txt",
			);
			runOnlyForDeploymentPostprocessing = 0;
			shellPath = /bin/sh;
			shellScript = "diff \"${PODS_PODFILE_DIR_PATH}/Podfile.lock\" \"${PODS_ROOT}/Manifest.lock\" > /dev/null\nif [ $? != 0 ] ; then\n    # print error to STDERR\n    echo \"error: The sandbox is not in sync with the Podfile.lock. Run 'pod install' or update your CocoaPods installation.\" >&2\n    exit 1\nfi\n# This output is used by Xcode 'outputs' to avoid re-running this script phase.\necho \"SUCCESS\" > \"${SCRIPT_OUTPUT_FILE_0}\"\n";
			showEnvVarsInLog = 0;
		};
/* End PBXShellScriptBuildPhase section */

/* Begin PBXSourcesBuildPhase section */
		DA13CFF5203E0A7C0021EB7E /* Sources */ = {
			isa = PBXSourcesBuildPhase;
			buildActionMask = 2147483647;
			files = (
				DAA23AD22040B08900D481E2 /* MarketTableViewController.swift in Sources */,
				DA2E85DF2043C62E0057C4C6 /* FirebaseAPI.swift in Sources */,
				DAB177B120421771009F0B45 /* MarketTableViewCell.swift in Sources */,
				DA2E91662048FF7900AF0247 /* AlcoholSelectionTableViewController.swift in Sources */,
				DA2E85DD2043A7B40057C4C6 /* MoreTableViewController.swift in Sources */,
				DA2C31F4204DC4C400FF6444 /* MarketNavController.swift in Sources */,
				DA056E85203FC7A6007EECAE /* DataModel.swift in Sources */,
				DA2E85E22043C8110057C4C6 /* Extensions.swift in Sources */,
				DA056E88203FC982007EECAE /* ForgotPasswordViewController.swift in Sources */,
				DADC7B77203E6A4900F87438 /* RegisterViewController.swift in Sources */,
				DA13CFFF203E0A7D0021EB7E /* LoginViewController.swift in Sources */,
				DA2E916420487F9F00AF0247 /* DetailedTableViewController.swift in Sources */,
				DA13CFFD203E0A7D0021EB7E /* AppDelegate.swift in Sources */,
			);
			runOnlyForDeploymentPostprocessing = 0;
		};
/* End PBXSourcesBuildPhase section */

/* Begin PBXVariantGroup section */
		DA13D000203E0A7D0021EB7E /* Main.storyboard */ = {
			isa = PBXVariantGroup;
			children = (
				DA13D001203E0A7D0021EB7E /* Base */,
			);
			name = Main.storyboard;
			sourceTree = "<group>";
		};
		DA13D005203E0A7D0021EB7E /* LaunchScreen.storyboard */ = {
			isa = PBXVariantGroup;
			children = (
				DA13D006203E0A7D0021EB7E /* Base */,
			);
			name = LaunchScreen.storyboard;
			sourceTree = "<group>";
		};
/* End PBXVariantGroup section */

/* Begin XCBuildConfiguration section */
		DA13D009203E0A7D0021EB7E /* Debug */ = {
			isa = XCBuildConfiguration;
			buildSettings = {
				ALWAYS_SEARCH_USER_PATHS = NO;
				CLANG_ANALYZER_NONNULL = YES;
				CLANG_ANALYZER_NUMBER_OBJECT_CONVERSION = YES_AGGRESSIVE;
				CLANG_CXX_LANGUAGE_STANDARD = "gnu++14";
				CLANG_CXX_LIBRARY = "libc++";
				CLANG_ENABLE_MODULES = YES;
				CLANG_ENABLE_OBJC_ARC = YES;
				CLANG_WARN_BLOCK_CAPTURE_AUTORELEASING = YES;
				CLANG_WARN_BOOL_CONVERSION = YES;
				CLANG_WARN_COMMA = YES;
				CLANG_WARN_CONSTANT_CONVERSION = YES;
				CLANG_WARN_DIRECT_OBJC_ISA_USAGE = YES_ERROR;
				CLANG_WARN_DOCUMENTATION_COMMENTS = YES;
				CLANG_WARN_EMPTY_BODY = YES;
				CLANG_WARN_ENUM_CONVERSION = YES;
				CLANG_WARN_INFINITE_RECURSION = YES;
				CLANG_WARN_INT_CONVERSION = YES;
				CLANG_WARN_NON_LITERAL_NULL_CONVERSION = YES;
				CLANG_WARN_OBJC_LITERAL_CONVERSION = YES;
				CLANG_WARN_OBJC_ROOT_CLASS = YES_ERROR;
				CLANG_WARN_RANGE_LOOP_ANALYSIS = YES;
				CLANG_WARN_STRICT_PROTOTYPES = YES;
				CLANG_WARN_SUSPICIOUS_MOVE = YES;
				CLANG_WARN_UNGUARDED_AVAILABILITY = YES_AGGRESSIVE;
				CLANG_WARN_UNREACHABLE_CODE = YES;
				CLANG_WARN__DUPLICATE_METHOD_MATCH = YES;
				CODE_SIGN_IDENTITY = "iPhone Developer";
				COPY_PHASE_STRIP = NO;
				DEBUG_INFORMATION_FORMAT = dwarf;
				ENABLE_STRICT_OBJC_MSGSEND = YES;
				ENABLE_TESTABILITY = YES;
				GCC_C_LANGUAGE_STANDARD = gnu11;
				GCC_DYNAMIC_NO_PIC = NO;
				GCC_NO_COMMON_BLOCKS = YES;
				GCC_OPTIMIZATION_LEVEL = 0;
				GCC_PREPROCESSOR_DEFINITIONS = (
					"DEBUG=1",
					"$(inherited)",
				);
				GCC_WARN_64_TO_32_BIT_CONVERSION = YES;
				GCC_WARN_ABOUT_RETURN_TYPE = YES_ERROR;
				GCC_WARN_UNDECLARED_SELECTOR = YES;
				GCC_WARN_UNINITIALIZED_AUTOS = YES_AGGRESSIVE;
				GCC_WARN_UNUSED_FUNCTION = YES;
				GCC_WARN_UNUSED_VARIABLE = YES;
				IPHONEOS_DEPLOYMENT_TARGET = 11.2;
				MTL_ENABLE_DEBUG_INFO = YES;
				ONLY_ACTIVE_ARCH = YES;
				SDKROOT = iphoneos;
				SWIFT_ACTIVE_COMPILATION_CONDITIONS = DEBUG;
				SWIFT_OPTIMIZATION_LEVEL = "-Onone";
			};
			name = Debug;
		};
		DA13D00A203E0A7D0021EB7E /* Release */ = {
			isa = XCBuildConfiguration;
			buildSettings = {
				ALWAYS_SEARCH_USER_PATHS = NO;
				CLANG_ANALYZER_NONNULL = YES;
				CLANG_ANALYZER_NUMBER_OBJECT_CONVERSION = YES_AGGRESSIVE;
				CLANG_CXX_LANGUAGE_STANDARD = "gnu++14";
				CLANG_CXX_LIBRARY = "libc++";
				CLANG_ENABLE_MODULES = YES;
				CLANG_ENABLE_OBJC_ARC = YES;
				CLANG_WARN_BLOCK_CAPTURE_AUTORELEASING = YES;
				CLANG_WARN_BOOL_CONVERSION = YES;
				CLANG_WARN_COMMA = YES;
				CLANG_WARN_CONSTANT_CONVERSION = YES;
				CLANG_WARN_DIRECT_OBJC_ISA_USAGE = YES_ERROR;
				CLANG_WARN_DOCUMENTATION_COMMENTS = YES;
				CLANG_WARN_EMPTY_BODY = YES;
				CLANG_WARN_ENUM_CONVERSION = YES;
				CLANG_WARN_INFINITE_RECURSION = YES;
				CLANG_WARN_INT_CONVERSION = YES;
				CLANG_WARN_NON_LITERAL_NULL_CONVERSION = YES;
				CLANG_WARN_OBJC_LITERAL_CONVERSION = YES;
				CLANG_WARN_OBJC_ROOT_CLASS = YES_ERROR;
				CLANG_WARN_RANGE_LOOP_ANALYSIS = YES;
				CLANG_WARN_STRICT_PROTOTYPES = YES;
				CLANG_WARN_SUSPICIOUS_MOVE = YES;
				CLANG_WARN_UNGUARDED_AVAILABILITY = YES_AGGRESSIVE;
				CLANG_WARN_UNREACHABLE_CODE = YES;
				CLANG_WARN__DUPLICATE_METHOD_MATCH = YES;
				CODE_SIGN_IDENTITY = "iPhone Developer";
				COPY_PHASE_STRIP = NO;
				DEBUG_INFORMATION_FORMAT = "dwarf-with-dsym";
				ENABLE_NS_ASSERTIONS = NO;
				ENABLE_STRICT_OBJC_MSGSEND = YES;
				GCC_C_LANGUAGE_STANDARD = gnu11;
				GCC_NO_COMMON_BLOCKS = YES;
				GCC_WARN_64_TO_32_BIT_CONVERSION = YES;
				GCC_WARN_ABOUT_RETURN_TYPE = YES_ERROR;
				GCC_WARN_UNDECLARED_SELECTOR = YES;
				GCC_WARN_UNINITIALIZED_AUTOS = YES_AGGRESSIVE;
				GCC_WARN_UNUSED_FUNCTION = YES;
				GCC_WARN_UNUSED_VARIABLE = YES;
				IPHONEOS_DEPLOYMENT_TARGET = 11.2;
				MTL_ENABLE_DEBUG_INFO = NO;
				SDKROOT = iphoneos;
				SWIFT_OPTIMIZATION_LEVEL = "-Owholemodule";
				VALIDATE_PRODUCT = YES;
			};
			name = Release;
		};
		DA13D00C203E0A7D0021EB7E /* Debug */ = {
			isa = XCBuildConfiguration;
			baseConfigurationReference = F894043FE0F9A2676D6EDB6C /* Pods-Brewiskey.debug.xcconfig */;
			buildSettings = {
				ASSETCATALOG_COMPILER_APPICON_NAME = AppIcon;
				CODE_SIGN_STYLE = Automatic;
				DEVELOPMENT_TEAM = 9T98QB7DLD;
				INFOPLIST_FILE = Brewiskey/Info.plist;
				LD_RUNPATH_SEARCH_PATHS = "$(inherited) @executable_path/Frameworks";
				PRODUCT_BUNDLE_IDENTIFIER = com.Paul.Brewiskey;
				PRODUCT_NAME = "$(TARGET_NAME)";
				SWIFT_VERSION = 4.0;
				TARGETED_DEVICE_FAMILY = "1,2";
			};
			name = Debug;
		};
		DA13D00D203E0A7D0021EB7E /* Release */ = {
			isa = XCBuildConfiguration;
			baseConfigurationReference = 9331F07D589DD426C72146BB /* Pods-Brewiskey.release.xcconfig */;
			buildSettings = {
				ASSETCATALOG_COMPILER_APPICON_NAME = AppIcon;
				CODE_SIGN_STYLE = Automatic;
				DEVELOPMENT_TEAM = 9T98QB7DLD;
				INFOPLIST_FILE = Brewiskey/Info.plist;
				LD_RUNPATH_SEARCH_PATHS = "$(inherited) @executable_path/Frameworks";
				PRODUCT_BUNDLE_IDENTIFIER = com.Paul.Brewiskey;
				PRODUCT_NAME = "$(TARGET_NAME)";
				SWIFT_VERSION = 4.0;
				TARGETED_DEVICE_FAMILY = "1,2";
			};
			name = Release;
		};
/* End XCBuildConfiguration section */

/* Begin XCConfigurationList section */
		DA13CFF4203E0A7C0021EB7E /* Build configuration list for PBXProject "Brewiskey" */ = {
			isa = XCConfigurationList;
			buildConfigurations = (
				DA13D009203E0A7D0021EB7E /* Debug */,
				DA13D00A203E0A7D0021EB7E /* Release */,
			);
			defaultConfigurationIsVisible = 0;
			defaultConfigurationName = Release;
		};
		DA13D00B203E0A7D0021EB7E /* Build configuration list for PBXNativeTarget "Brewiskey" */ = {
			isa = XCConfigurationList;
			buildConfigurations = (
				DA13D00C203E0A7D0021EB7E /* Debug */,
				DA13D00D203E0A7D0021EB7E /* Release */,
			);
			defaultConfigurationIsVisible = 0;
			defaultConfigurationName = Release;
		};
/* End XCConfigurationList section */
	};
	rootObject = DA13CFF1203E0A7C0021EB7E /* Project object */;
}
