// !$*UTF8*$!
{
	archiveVersion = 1;
	classes = {
	};
	objectVersion = 48;
	objects = {

/* Begin PBXBuildFile section */
		DA02ABF320EFE8BF0063C68A /* TableSectionHeader.swift in Sources */ = {isa = PBXBuildFile; fileRef = DA02ABF220EFE8BF0063C68A /* TableSectionHeader.swift */; };
		DA02ABF520EFE8CB0063C68A /* TableSectionHeader.xib in Resources */ = {isa = PBXBuildFile; fileRef = DA02ABF420EFE8CB0063C68A /* TableSectionHeader.xib */; };
		DA056E85203FC7A6007EECAE /* DataModel.swift in Sources */ = {isa = PBXBuildFile; fileRef = DA056E84203FC7A6007EECAE /* DataModel.swift */; };
		DA056E88203FC982007EECAE /* ForgotPasswordViewController.swift in Sources */ = {isa = PBXBuildFile; fileRef = DA056E87203FC982007EECAE /* ForgotPasswordViewController.swift */; };
		DA07068820B5CCA800362EFE /* GoogleService-Info.plist in Resources */ = {isa = PBXBuildFile; fileRef = DA07068720B5CCA800362EFE /* GoogleService-Info.plist */; };
		DA07068A20B5D94700362EFE /* FirebaseDynamicLinkHelper.swift in Sources */ = {isa = PBXBuildFile; fileRef = DA07068920B5D94700362EFE /* FirebaseDynamicLinkHelper.swift */; };
		DA13CFFD203E0A7D0021EB7E /* AppDelegate.swift in Sources */ = {isa = PBXBuildFile; fileRef = DA13CFFC203E0A7D0021EB7E /* AppDelegate.swift */; };
		DA13CFFF203E0A7D0021EB7E /* LoginViewController.swift in Sources */ = {isa = PBXBuildFile; fileRef = DA13CFFE203E0A7D0021EB7E /* LoginViewController.swift */; };
		DA13D002203E0A7D0021EB7E /* Main.storyboard in Resources */ = {isa = PBXBuildFile; fileRef = DA13D000203E0A7D0021EB7E /* Main.storyboard */; };
		DA13D004203E0A7D0021EB7E /* Assets.xcassets in Resources */ = {isa = PBXBuildFile; fileRef = DA13D003203E0A7D0021EB7E /* Assets.xcassets */; };
		DA13D007203E0A7D0021EB7E /* LaunchScreen.storyboard in Resources */ = {isa = PBXBuildFile; fileRef = DA13D005203E0A7D0021EB7E /* LaunchScreen.storyboard */; };
		DA21EBB220DBF3DB004D4DEB /* DetailedSelectionViewController.swift in Sources */ = {isa = PBXBuildFile; fileRef = DA21EBB120DBF3DB004D4DEB /* DetailedSelectionViewController.swift */; };
		DA2C31F4204DC4C400FF6444 /* MarketNavController.swift in Sources */ = {isa = PBXBuildFile; fileRef = DA2C31F3204DC4C400FF6444 /* MarketNavController.swift */; };
		DA2E85DF2043C62E0057C4C6 /* FirebaseAPI.swift in Sources */ = {isa = PBXBuildFile; fileRef = DA2E85DE2043C62E0057C4C6 /* FirebaseAPI.swift */; };
		DA2E85E22043C8110057C4C6 /* Extensions.swift in Sources */ = {isa = PBXBuildFile; fileRef = DA2E85E12043C8110057C4C6 /* Extensions.swift */; };
		DA2E916420487F9F00AF0247 /* DetailedViewController.swift in Sources */ = {isa = PBXBuildFile; fileRef = DA2E916320487F9F00AF0247 /* DetailedViewController.swift */; };
		DA389A7C20774763009F3CE8 /* OnboardingCheckUtils.swift in Sources */ = {isa = PBXBuildFile; fileRef = DA389A7B20774763009F3CE8 /* OnboardingCheckUtils.swift */; };
		DA4A8E1120FE3E3C00974268 /* StripeAPI.swift in Sources */ = {isa = PBXBuildFile; fileRef = DA4A8E1020FE3E3C00974268 /* StripeAPI.swift */; };
		DA4A8E1420FE5A7700974268 /* .gitignore in Resources */ = {isa = PBXBuildFile; fileRef = DA4A8E1320FE5A7700974268 /* .gitignore */; };
		DA4A8E1920FE60BE00974268 /* SecretKeys.swift in Sources */ = {isa = PBXBuildFile; fileRef = DA4A8E1820FE60BE00974268 /* SecretKeys.swift */; };
		DA54E48920F92285009BD9E1 /* CheckoutViewController.swift in Sources */ = {isa = PBXBuildFile; fileRef = DA54E48220F92283009BD9E1 /* CheckoutViewController.swift */; };
		DA54E48A20F92285009BD9E1 /* PaymentContextFooterView.swift in Sources */ = {isa = PBXBuildFile; fileRef = DA54E48320F92284009BD9E1 /* PaymentContextFooterView.swift */; };
		DA54E48C20F92285009BD9E1 /* CheckoutRowView.swift in Sources */ = {isa = PBXBuildFile; fileRef = DA54E48520F92284009BD9E1 /* CheckoutRowView.swift */; };
		DA54E48D20F92285009BD9E1 /* Buttons.swift in Sources */ = {isa = PBXBuildFile; fileRef = DA54E48620F92284009BD9E1 /* Buttons.swift */; };
		DA54E48E20F92285009BD9E1 /* MyAPIClient.swift in Sources */ = {isa = PBXBuildFile; fileRef = DA54E48720F92285009BD9E1 /* MyAPIClient.swift */; };
		DA54E48F20F92285009BD9E1 /* SettingsViewController.swift in Sources */ = {isa = PBXBuildFile; fileRef = DA54E48820F92285009BD9E1 /* SettingsViewController.swift */; };
		DA56C62220A1599300DB38A4 /* PromoCodeViewController.swift in Sources */ = {isa = PBXBuildFile; fileRef = DA56C62120A1599300DB38A4 /* PromoCodeViewController.swift */; };
		DA5EF4E020AA0C4A0070BD5D /* ImageLabelCell.swift in Sources */ = {isa = PBXBuildFile; fileRef = DA5EF4DF20AA0C4A0070BD5D /* ImageLabelCell.swift */; };
		DA5EF4E220AA0C5F0070BD5D /* ImageLabelCell.xib in Resources */ = {isa = PBXBuildFile; fileRef = DA5EF4E120AA0C5F0070BD5D /* ImageLabelCell.xib */; };
		DA5F352C2077C46100A64FA0 /* FacebookAPI.swift in Sources */ = {isa = PBXBuildFile; fileRef = DA5F352B2077C46100A64FA0 /* FacebookAPI.swift */; };
		DA5F352E2077C79D00A64FA0 /* Constants.swift in Sources */ = {isa = PBXBuildFile; fileRef = DA5F352D2077C79D00A64FA0 /* Constants.swift */; };
		DA5F3530207825D400A64FA0 /* EmailSentViewController.swift in Sources */ = {isa = PBXBuildFile; fileRef = DA5F352F207825D400A64FA0 /* EmailSentViewController.swift */; };
		DA620DF3209561710026E4A5 /* ChangePasswordViewController.swift in Sources */ = {isa = PBXBuildFile; fileRef = DA620DF2209561710026E4A5 /* ChangePasswordViewController.swift */; };
		DA620DF5209589620026E4A5 /* ReferralViewController.swift in Sources */ = {isa = PBXBuildFile; fileRef = DA620DF4209589620026E4A5 /* ReferralViewController.swift */; };
		DA6BE08F20F7A9AF007FA200 /* UserLoginStatus.swift in Sources */ = {isa = PBXBuildFile; fileRef = DA6BE08E20F7A9AF007FA200 /* UserLoginStatus.swift */; };
		DA6F829920BB8029005E7862 /* NewCreditCardTableViewController.swift in Sources */ = {isa = PBXBuildFile; fileRef = DA6F829820BB8029005E7862 /* NewCreditCardTableViewController.swift */; };
		DA70A9E62089495F00D3F2C3 /* EditProfileTableViewController.swift in Sources */ = {isa = PBXBuildFile; fileRef = DA70A9E52089495F00D3F2C3 /* EditProfileTableViewController.swift */; };
		DA8CA6F62108124000EDBC0D /* OfflineViewController.swift in Sources */ = {isa = PBXBuildFile; fileRef = DA8CA6F52108123F00EDBC0D /* OfflineViewController.swift */; };
		DA8CA6F821081E5700EDBC0D /* MainTabBarViewController.swift in Sources */ = {isa = PBXBuildFile; fileRef = DA8CA6F721081E5700EDBC0D /* MainTabBarViewController.swift */; };
		DA8D3D1620DED94600682C8D /* CheckoutTableViewController.swift in Sources */ = {isa = PBXBuildFile; fileRef = DA8D3D1520DED94600682C8D /* CheckoutTableViewController.swift */; };
		DA8D3D1820DEDAEB00682C8D /* CheckoutCell.swift in Sources */ = {isa = PBXBuildFile; fileRef = DA8D3D1720DEDAEB00682C8D /* CheckoutCell.swift */; };
		DA8D3D1A20DEDAFB00682C8D /* CheckoutCell.xib in Resources */ = {isa = PBXBuildFile; fileRef = DA8D3D1920DEDAFB00682C8D /* CheckoutCell.xib */; };
		DA91AEBC20A8F2C400BEF84B /* LeftLabelCell.xib in Resources */ = {isa = PBXBuildFile; fileRef = DA91AEBB20A8F2C400BEF84B /* LeftLabelCell.xib */; };
		DA91AEBE20A8F2F500BEF84B /* LeftLabelCell.swift in Sources */ = {isa = PBXBuildFile; fileRef = DA91AEBD20A8F2F500BEF84B /* LeftLabelCell.swift */; };
		DA973B922107BD91008FB9B1 /* NetworkManager.swift in Sources */ = {isa = PBXBuildFile; fileRef = DA973B912107BD91008FB9B1 /* NetworkManager.swift */; };
		DA9F41D7207719E00004797B /* OnboardingView2.xib in Resources */ = {isa = PBXBuildFile; fileRef = DA9F41D6207719E00004797B /* OnboardingView2.xib */; };
		DA9F41D920771B7C0004797B /* OnboardingView3.xib in Resources */ = {isa = PBXBuildFile; fileRef = DA9F41D820771B7C0004797B /* OnboardingView3.xib */; };
		DA9F41DB20771B890004797B /* OnboardingView4.xib in Resources */ = {isa = PBXBuildFile; fileRef = DA9F41DA20771B890004797B /* OnboardingView4.xib */; };
		DAA9C49820C0E9320075F4B3 /* PastOrdersTableViewController.swift in Sources */ = {isa = PBXBuildFile; fileRef = DAA9C49720C0E9320075F4B3 /* PastOrdersTableViewController.swift */; };
		DAA9C49A20C0E97D0075F4B3 /* PastOrdersCell.swift in Sources */ = {isa = PBXBuildFile; fileRef = DAA9C49920C0E97D0075F4B3 /* PastOrdersCell.swift */; };
		DAA9C49C20C0E9C30075F4B3 /* PastOrdersCell.xib in Resources */ = {isa = PBXBuildFile; fileRef = DAA9C49B20C0E9C30075F4B3 /* PastOrdersCell.xib */; };
		DAB177B120421771009F0B45 /* MarketTableViewCell.swift in Sources */ = {isa = PBXBuildFile; fileRef = DAB177B020421771009F0B45 /* MarketTableViewCell.swift */; };
		DAB62860208FDC1B00A5890D /* ProfileTableViewController.swift in Sources */ = {isa = PBXBuildFile; fileRef = DAB6285F208FDC1B00A5890D /* ProfileTableViewController.swift */; };
		DAB62863209035EC00A5890D /* UserDefaultsUtils.swift in Sources */ = {isa = PBXBuildFile; fileRef = DAB62862209035EC00A5890D /* UserDefaultsUtils.swift */; };
		DAB7630D20EB1419000736AA /* StoreReviewHelper.swift in Sources */ = {isa = PBXBuildFile; fileRef = DAB7630C20EB1419000736AA /* StoreReviewHelper.swift */; };
		DABD202820F538240095A03A /* MarketViewController.swift in Sources */ = {isa = PBXBuildFile; fileRef = DABD202720F538240095A03A /* MarketViewController.swift */; };
		DAC462442091168500673189 /* BrewiskeyAnalytics.swift in Sources */ = {isa = PBXBuildFile; fileRef = DAC462432091168500673189 /* BrewiskeyAnalytics.swift */; };
		DAC4EC8B2094499800EE07A0 /* ChangeEmailViewController.swift in Sources */ = {isa = PBXBuildFile; fileRef = DAC4EC8A2094499800EE07A0 /* ChangeEmailViewController.swift */; };
		DAD28C6820859E8100D5037D /* SettingsTableViewController.swift in Sources */ = {isa = PBXBuildFile; fileRef = DAD28C6720859E8100D5037D /* SettingsTableViewController.swift */; };
		DAD934BA20A2A5E400BA6FFD /* UpdateCreditCardViewController.swift in Sources */ = {isa = PBXBuildFile; fileRef = DAD934B920A2A5E400BA6FFD /* UpdateCreditCardViewController.swift */; };
		DAD934BD20A2A80900BA6FFD /* PaymentViewController.swift in Sources */ = {isa = PBXBuildFile; fileRef = DAD934BC20A2A80900BA6FFD /* PaymentViewController.swift */; };
		DADC7B75203E17E100F87438 /* Login.storyboard in Resources */ = {isa = PBXBuildFile; fileRef = DADC7B74203E17E100F87438 /* Login.storyboard */; };
		DADC7B77203E6A4900F87438 /* RegisterViewController.swift in Sources */ = {isa = PBXBuildFile; fileRef = DADC7B76203E6A4900F87438 /* RegisterViewController.swift */; };
		DAE169FD20769AE200B21D30 /* OnboardingView0.xib in Resources */ = {isa = PBXBuildFile; fileRef = DAE169FC20769AE200B21D30 /* OnboardingView0.xib */; };
		DAE169FF20769B3B00B21D30 /* BaseOnboardingView.swift in Sources */ = {isa = PBXBuildFile; fileRef = DAE169FE20769B3B00B21D30 /* BaseOnboardingView.swift */; };
		DAE16A0320769C9B00B21D30 /* OnboardingView1.xib in Resources */ = {isa = PBXBuildFile; fileRef = DAE16A0220769C9B00B21D30 /* OnboardingView1.xib */; };
		DAE16A052076A0B300B21D30 /* IntroductionScreenViewController.swift in Sources */ = {isa = PBXBuildFile; fileRef = DAE16A042076A0B300B21D30 /* IntroductionScreenViewController.swift */; };
		DAF2024E20E1E2DC001D96FD /* EmptyCartView.xib in Resources */ = {isa = PBXBuildFile; fileRef = DAF2024D20E1E2DC001D96FD /* EmptyCartView.xib */; };
		DAF2025020E1E2E8001D96FD /* EmptyCartView.swift in Sources */ = {isa = PBXBuildFile; fileRef = DAF2024F20E1E2E8001D96FD /* EmptyCartView.swift */; };
		DDA4E6EB6D878ECD74290C15 /* Pods_Brewiskey.framework in Frameworks */ = {isa = PBXBuildFile; fileRef = 6018CC304C6E50FF5E034F2A /* Pods_Brewiskey.framework */; };
/* End PBXBuildFile section */

/* Begin PBXFileReference section */
		6018CC304C6E50FF5E034F2A /* Pods_Brewiskey.framework */ = {isa = PBXFileReference; explicitFileType = wrapper.framework; includeInIndex = 0; path = Pods_Brewiskey.framework; sourceTree = BUILT_PRODUCTS_DIR; };
		9331F07D589DD426C72146BB /* Pods-Brewiskey.release.xcconfig */ = {isa = PBXFileReference; includeInIndex = 1; lastKnownFileType = text.xcconfig; name = "Pods-Brewiskey.release.xcconfig"; path = "Pods/Target Support Files/Pods-Brewiskey/Pods-Brewiskey.release.xcconfig"; sourceTree = "<group>"; };
		DA02ABF220EFE8BF0063C68A /* TableSectionHeader.swift */ = {isa = PBXFileReference; lastKnownFileType = sourcecode.swift; path = TableSectionHeader.swift; sourceTree = "<group>"; };
		DA02ABF420EFE8CB0063C68A /* TableSectionHeader.xib */ = {isa = PBXFileReference; lastKnownFileType = file.xib; path = TableSectionHeader.xib; sourceTree = "<group>"; };
		DA056E84203FC7A6007EECAE /* DataModel.swift */ = {isa = PBXFileReference; lastKnownFileType = sourcecode.swift; path = DataModel.swift; sourceTree = "<group>"; };
		DA056E87203FC982007EECAE /* ForgotPasswordViewController.swift */ = {isa = PBXFileReference; lastKnownFileType = sourcecode.swift; path = ForgotPasswordViewController.swift; sourceTree = "<group>"; };
		DA07068720B5CCA800362EFE /* GoogleService-Info.plist */ = {isa = PBXFileReference; fileEncoding = 4; lastKnownFileType = text.plist.xml; path = "GoogleService-Info.plist"; sourceTree = "<group>"; };
		DA07068920B5D94700362EFE /* FirebaseDynamicLinkHelper.swift */ = {isa = PBXFileReference; lastKnownFileType = sourcecode.swift; path = FirebaseDynamicLinkHelper.swift; sourceTree = "<group>"; };
		DA13CFF9203E0A7D0021EB7E /* Brewiskey.app */ = {isa = PBXFileReference; explicitFileType = wrapper.application; includeInIndex = 0; path = Brewiskey.app; sourceTree = BUILT_PRODUCTS_DIR; };
		DA13CFFC203E0A7D0021EB7E /* AppDelegate.swift */ = {isa = PBXFileReference; lastKnownFileType = sourcecode.swift; path = AppDelegate.swift; sourceTree = "<group>"; };
		DA13CFFE203E0A7D0021EB7E /* LoginViewController.swift */ = {isa = PBXFileReference; lastKnownFileType = sourcecode.swift; path = LoginViewController.swift; sourceTree = "<group>"; };
		DA13D001203E0A7D0021EB7E /* Base */ = {isa = PBXFileReference; lastKnownFileType = file.storyboard; name = Base; path = Base.lproj/Main.storyboard; sourceTree = "<group>"; };
		DA13D003203E0A7D0021EB7E /* Assets.xcassets */ = {isa = PBXFileReference; lastKnownFileType = folder.assetcatalog; path = Assets.xcassets; sourceTree = "<group>"; };
		DA13D006203E0A7D0021EB7E /* Base */ = {isa = PBXFileReference; lastKnownFileType = file.storyboard; name = Base; path = Base.lproj/LaunchScreen.storyboard; sourceTree = "<group>"; };
		DA13D008203E0A7D0021EB7E /* Info.plist */ = {isa = PBXFileReference; lastKnownFileType = text.plist.xml; path = Info.plist; sourceTree = "<group>"; };
		DA21EBB120DBF3DB004D4DEB /* DetailedSelectionViewController.swift */ = {isa = PBXFileReference; lastKnownFileType = sourcecode.swift; path = DetailedSelectionViewController.swift; sourceTree = "<group>"; };
		DA2C31F3204DC4C400FF6444 /* MarketNavController.swift */ = {isa = PBXFileReference; lastKnownFileType = sourcecode.swift; path = MarketNavController.swift; sourceTree = "<group>"; };
		DA2E85DE2043C62E0057C4C6 /* FirebaseAPI.swift */ = {isa = PBXFileReference; lastKnownFileType = sourcecode.swift; path = FirebaseAPI.swift; sourceTree = "<group>"; };
		DA2E85E12043C8110057C4C6 /* Extensions.swift */ = {isa = PBXFileReference; lastKnownFileType = sourcecode.swift; path = Extensions.swift; sourceTree = "<group>"; };
		DA2E916320487F9F00AF0247 /* DetailedViewController.swift */ = {isa = PBXFileReference; lastKnownFileType = sourcecode.swift; path = DetailedViewController.swift; sourceTree = "<group>"; };
		DA389A7B20774763009F3CE8 /* OnboardingCheckUtils.swift */ = {isa = PBXFileReference; lastKnownFileType = sourcecode.swift; path = OnboardingCheckUtils.swift; sourceTree = "<group>"; };
		DA4A8E1020FE3E3C00974268 /* StripeAPI.swift */ = {isa = PBXFileReference; lastKnownFileType = sourcecode.swift; path = StripeAPI.swift; sourceTree = "<group>"; };
		DA4A8E1320FE5A7700974268 /* .gitignore */ = {isa = PBXFileReference; lastKnownFileType = text; path = .gitignore; sourceTree = "<group>"; };
		DA4A8E1820FE60BE00974268 /* SecretKeys.swift */ = {isa = PBXFileReference; lastKnownFileType = sourcecode.swift; path = SecretKeys.swift; sourceTree = "<group>"; };
		DA54E48220F92283009BD9E1 /* CheckoutViewController.swift */ = {isa = PBXFileReference; fileEncoding = 4; lastKnownFileType = sourcecode.swift; path = CheckoutViewController.swift; sourceTree = "<group>"; };
		DA54E48320F92284009BD9E1 /* PaymentContextFooterView.swift */ = {isa = PBXFileReference; fileEncoding = 4; lastKnownFileType = sourcecode.swift; path = PaymentContextFooterView.swift; sourceTree = "<group>"; };
		DA54E48520F92284009BD9E1 /* CheckoutRowView.swift */ = {isa = PBXFileReference; fileEncoding = 4; lastKnownFileType = sourcecode.swift; path = CheckoutRowView.swift; sourceTree = "<group>"; };
		DA54E48620F92284009BD9E1 /* Buttons.swift */ = {isa = PBXFileReference; fileEncoding = 4; lastKnownFileType = sourcecode.swift; path = Buttons.swift; sourceTree = "<group>"; };
		DA54E48720F92285009BD9E1 /* MyAPIClient.swift */ = {isa = PBXFileReference; fileEncoding = 4; lastKnownFileType = sourcecode.swift; path = MyAPIClient.swift; sourceTree = "<group>"; };
		DA54E48820F92285009BD9E1 /* SettingsViewController.swift */ = {isa = PBXFileReference; fileEncoding = 4; lastKnownFileType = sourcecode.swift; path = SettingsViewController.swift; sourceTree = "<group>"; };
		DA56C62120A1599300DB38A4 /* PromoCodeViewController.swift */ = {isa = PBXFileReference; lastKnownFileType = sourcecode.swift; path = PromoCodeViewController.swift; sourceTree = "<group>"; };
		DA5EF4DF20AA0C4A0070BD5D /* ImageLabelCell.swift */ = {isa = PBXFileReference; lastKnownFileType = sourcecode.swift; path = ImageLabelCell.swift; sourceTree = "<group>"; };
		DA5EF4E120AA0C5F0070BD5D /* ImageLabelCell.xib */ = {isa = PBXFileReference; lastKnownFileType = file.xib; path = ImageLabelCell.xib; sourceTree = "<group>"; };
		DA5F352B2077C46100A64FA0 /* FacebookAPI.swift */ = {isa = PBXFileReference; lastKnownFileType = sourcecode.swift; path = FacebookAPI.swift; sourceTree = "<group>"; };
		DA5F352D2077C79D00A64FA0 /* Constants.swift */ = {isa = PBXFileReference; lastKnownFileType = sourcecode.swift; path = Constants.swift; sourceTree = "<group>"; };
		DA5F352F207825D400A64FA0 /* EmailSentViewController.swift */ = {isa = PBXFileReference; lastKnownFileType = sourcecode.swift; path = EmailSentViewController.swift; sourceTree = "<group>"; };
		DA620DF2209561710026E4A5 /* ChangePasswordViewController.swift */ = {isa = PBXFileReference; lastKnownFileType = sourcecode.swift; path = ChangePasswordViewController.swift; sourceTree = "<group>"; };
		DA620DF4209589620026E4A5 /* ReferralViewController.swift */ = {isa = PBXFileReference; lastKnownFileType = sourcecode.swift; path = ReferralViewController.swift; sourceTree = "<group>"; };
		DA6BE08E20F7A9AF007FA200 /* UserLoginStatus.swift */ = {isa = PBXFileReference; lastKnownFileType = sourcecode.swift; name = UserLoginStatus.swift; path = Brewiskey/Main/UserLoginStatus.swift; sourceTree = SOURCE_ROOT; };
		DA6F829820BB8029005E7862 /* NewCreditCardTableViewController.swift */ = {isa = PBXFileReference; lastKnownFileType = sourcecode.swift; path = NewCreditCardTableViewController.swift; sourceTree = "<group>"; };
		DA70A9E52089495F00D3F2C3 /* EditProfileTableViewController.swift */ = {isa = PBXFileReference; lastKnownFileType = sourcecode.swift; path = EditProfileTableViewController.swift; sourceTree = "<group>"; };
		DA7E7D58209ABC2100882FCA /* Brewiskey.entitlements */ = {isa = PBXFileReference; lastKnownFileType = text.plist.entitlements; path = Brewiskey.entitlements; sourceTree = "<group>"; };
		DA8CA6F52108123F00EDBC0D /* OfflineViewController.swift */ = {isa = PBXFileReference; fileEncoding = 4; lastKnownFileType = sourcecode.swift; path = OfflineViewController.swift; sourceTree = "<group>"; };
		DA8CA6F721081E5700EDBC0D /* MainTabBarViewController.swift */ = {isa = PBXFileReference; lastKnownFileType = sourcecode.swift; path = MainTabBarViewController.swift; sourceTree = "<group>"; };
		DA8D3D1520DED94600682C8D /* CheckoutTableViewController.swift */ = {isa = PBXFileReference; lastKnownFileType = sourcecode.swift; path = CheckoutTableViewController.swift; sourceTree = "<group>"; };
		DA8D3D1720DEDAEB00682C8D /* CheckoutCell.swift */ = {isa = PBXFileReference; lastKnownFileType = sourcecode.swift; path = CheckoutCell.swift; sourceTree = "<group>"; };
		DA8D3D1920DEDAFB00682C8D /* CheckoutCell.xib */ = {isa = PBXFileReference; lastKnownFileType = file.xib; path = CheckoutCell.xib; sourceTree = "<group>"; };
		DA91AEBB20A8F2C400BEF84B /* LeftLabelCell.xib */ = {isa = PBXFileReference; lastKnownFileType = file.xib; path = LeftLabelCell.xib; sourceTree = "<group>"; };
		DA91AEBD20A8F2F500BEF84B /* LeftLabelCell.swift */ = {isa = PBXFileReference; lastKnownFileType = sourcecode.swift; path = LeftLabelCell.swift; sourceTree = "<group>"; };
		DA973B912107BD91008FB9B1 /* NetworkManager.swift */ = {isa = PBXFileReference; lastKnownFileType = sourcecode.swift; path = NetworkManager.swift; sourceTree = "<group>"; };
		DA9F41D6207719E00004797B /* OnboardingView2.xib */ = {isa = PBXFileReference; lastKnownFileType = file.xib; path = OnboardingView2.xib; sourceTree = "<group>"; };
		DA9F41D820771B7C0004797B /* OnboardingView3.xib */ = {isa = PBXFileReference; lastKnownFileType = file.xib; path = OnboardingView3.xib; sourceTree = "<group>"; };
		DA9F41DA20771B890004797B /* OnboardingView4.xib */ = {isa = PBXFileReference; lastKnownFileType = file.xib; path = OnboardingView4.xib; sourceTree = "<group>"; };
		DAA9C49720C0E9320075F4B3 /* PastOrdersTableViewController.swift */ = {isa = PBXFileReference; lastKnownFileType = sourcecode.swift; path = PastOrdersTableViewController.swift; sourceTree = "<group>"; };
		DAA9C49920C0E97D0075F4B3 /* PastOrdersCell.swift */ = {isa = PBXFileReference; lastKnownFileType = sourcecode.swift; path = PastOrdersCell.swift; sourceTree = "<group>"; };
		DAA9C49B20C0E9C30075F4B3 /* PastOrdersCell.xib */ = {isa = PBXFileReference; lastKnownFileType = file.xib; path = PastOrdersCell.xib; sourceTree = "<group>"; };
		DAB177B020421771009F0B45 /* MarketTableViewCell.swift */ = {isa = PBXFileReference; lastKnownFileType = sourcecode.swift; path = MarketTableViewCell.swift; sourceTree = "<group>"; };
		DAB6285F208FDC1B00A5890D /* ProfileTableViewController.swift */ = {isa = PBXFileReference; lastKnownFileType = sourcecode.swift; path = ProfileTableViewController.swift; sourceTree = "<group>"; };
		DAB62862209035EC00A5890D /* UserDefaultsUtils.swift */ = {isa = PBXFileReference; lastKnownFileType = sourcecode.swift; path = UserDefaultsUtils.swift; sourceTree = "<group>"; };
		DAB7630C20EB1419000736AA /* StoreReviewHelper.swift */ = {isa = PBXFileReference; lastKnownFileType = sourcecode.swift; path = StoreReviewHelper.swift; sourceTree = "<group>"; };
		DABD202720F538240095A03A /* MarketViewController.swift */ = {isa = PBXFileReference; lastKnownFileType = sourcecode.swift; path = MarketViewController.swift; sourceTree = "<group>"; };
		DAC462432091168500673189 /* BrewiskeyAnalytics.swift */ = {isa = PBXFileReference; lastKnownFileType = sourcecode.swift; path = BrewiskeyAnalytics.swift; sourceTree = "<group>"; };
		DAC4EC8A2094499800EE07A0 /* ChangeEmailViewController.swift */ = {isa = PBXFileReference; lastKnownFileType = sourcecode.swift; path = ChangeEmailViewController.swift; sourceTree = "<group>"; };
		DAD28C6720859E8100D5037D /* SettingsTableViewController.swift */ = {isa = PBXFileReference; lastKnownFileType = sourcecode.swift; path = SettingsTableViewController.swift; sourceTree = "<group>"; };
		DAD934B920A2A5E400BA6FFD /* UpdateCreditCardViewController.swift */ = {isa = PBXFileReference; lastKnownFileType = sourcecode.swift; path = UpdateCreditCardViewController.swift; sourceTree = "<group>"; };
		DAD934BC20A2A80900BA6FFD /* PaymentViewController.swift */ = {isa = PBXFileReference; lastKnownFileType = sourcecode.swift; path = PaymentViewController.swift; sourceTree = "<group>"; };
		DADC7B74203E17E100F87438 /* Login.storyboard */ = {isa = PBXFileReference; lastKnownFileType = file.storyboard; path = Login.storyboard; sourceTree = "<group>"; };
		DADC7B76203E6A4900F87438 /* RegisterViewController.swift */ = {isa = PBXFileReference; lastKnownFileType = sourcecode.swift; path = RegisterViewController.swift; sourceTree = "<group>"; };
		DAE169FC20769AE200B21D30 /* OnboardingView0.xib */ = {isa = PBXFileReference; lastKnownFileType = file.xib; path = OnboardingView0.xib; sourceTree = "<group>"; };
		DAE169FE20769B3B00B21D30 /* BaseOnboardingView.swift */ = {isa = PBXFileReference; lastKnownFileType = sourcecode.swift; path = BaseOnboardingView.swift; sourceTree = "<group>"; };
		DAE16A0220769C9B00B21D30 /* OnboardingView1.xib */ = {isa = PBXFileReference; lastKnownFileType = file.xib; path = OnboardingView1.xib; sourceTree = "<group>"; };
		DAE16A042076A0B300B21D30 /* IntroductionScreenViewController.swift */ = {isa = PBXFileReference; lastKnownFileType = sourcecode.swift; path = IntroductionScreenViewController.swift; sourceTree = "<group>"; };
		DAF2024D20E1E2DC001D96FD /* EmptyCartView.xib */ = {isa = PBXFileReference; lastKnownFileType = file.xib; path = EmptyCartView.xib; sourceTree = "<group>"; };
		DAF2024F20E1E2E8001D96FD /* EmptyCartView.swift */ = {isa = PBXFileReference; lastKnownFileType = sourcecode.swift; path = EmptyCartView.swift; sourceTree = "<group>"; };
		F894043FE0F9A2676D6EDB6C /* Pods-Brewiskey.debug.xcconfig */ = {isa = PBXFileReference; includeInIndex = 1; lastKnownFileType = text.xcconfig; name = "Pods-Brewiskey.debug.xcconfig"; path = "Pods/Target Support Files/Pods-Brewiskey/Pods-Brewiskey.debug.xcconfig"; sourceTree = "<group>"; };
/* End PBXFileReference section */

/* Begin PBXFrameworksBuildPhase section */
		DA13CFF6203E0A7C0021EB7E /* Frameworks */ = {
			isa = PBXFrameworksBuildPhase;
			buildActionMask = 2147483647;
			files = (
				DDA4E6EB6D878ECD74290C15 /* Pods_Brewiskey.framework in Frameworks */,
			);
			runOnlyForDeploymentPostprocessing = 0;
		};
/* End PBXFrameworksBuildPhase section */

/* Begin PBXGroup section */
		8C7CEA58751C949CCEC1B0E5 /* Pods */ = {
			isa = PBXGroup;
			children = (
				F894043FE0F9A2676D6EDB6C /* Pods-Brewiskey.debug.xcconfig */,
				9331F07D589DD426C72146BB /* Pods-Brewiskey.release.xcconfig */,
			);
			name = Pods;
			sourceTree = "<group>";
		};
		DA056E86203FC8DB007EECAE /* Supporting Files */ = {
			isa = PBXGroup;
			children = (
			);
			path = "Supporting Files";
			sourceTree = "<group>";
		};
		DA06DCE4208063500039D063 /* Utility */ = {
			isa = PBXGroup;
			children = (
				DA389A7B20774763009F3CE8 /* OnboardingCheckUtils.swift */,
				DAB62862209035EC00A5890D /* UserDefaultsUtils.swift */,
				DAB7630C20EB1419000736AA /* StoreReviewHelper.swift */,
			);
			path = Utility;
			sourceTree = "<group>";
		};
		DA13CFF0203E0A7C0021EB7E = {
			isa = PBXGroup;
			children = (
				DA13CFFB203E0A7D0021EB7E /* Brewiskey */,
				DA13CFFA203E0A7D0021EB7E /* Products */,
				8C7CEA58751C949CCEC1B0E5 /* Pods */,
				FE9E7D2D697B8090B543F272 /* Frameworks */,
			);
			sourceTree = "<group>";
		};
		DA13CFFA203E0A7D0021EB7E /* Products */ = {
			isa = PBXGroup;
			children = (
				DA13CFF9203E0A7D0021EB7E /* Brewiskey.app */,
			);
			name = Products;
			sourceTree = "<group>";
		};
		DA13CFFB203E0A7D0021EB7E /* Brewiskey */ = {
			isa = PBXGroup;
			children = (
				DA7E7D58209ABC2100882FCA /* Brewiskey.entitlements */,
				DA13D003203E0A7D0021EB7E /* Assets.xcassets */,
				DA13D008203E0A7D0021EB7E /* Info.plist */,
				DA07068720B5CCA800362EFE /* GoogleService-Info.plist */,
				DA13D005203E0A7D0021EB7E /* LaunchScreen.storyboard */,
				DAC462422091164A00673189 /* AppDelegate */,
				DADC7B70203E175500F87438 /* Data */,
				DADC7B71203E176B00F87438 /* View */,
				DA4A8E1220FE5A2A00974268 /* Git */,
				DA4A8E1720FE609200974268 /* Secret */,
				DA06DCE4208063500039D063 /* Utility */,
				DADC7B72203E178200F87438 /* Onboarding */,
				DAB628612090222700A5890D /* Services */,
				DADC7B73203E179600F87438 /* Main */,
				DA70A9E42089491A00D3F2C3 /* Settings */,
				DA2E85E02043C7F90057C4C6 /* Helper */,
				DA1C6CEF20B33CAD00911E64 /* Utility */,
				DA91AEBA20A8F25200BEF84B /* ReuseableCell */,
				DAF2024C20E1E2B4001D96FD /* ReuseableView */,
				DA056E86203FC8DB007EECAE /* Supporting Files */,
			);
			path = Brewiskey;
			sourceTree = "<group>";
		};
		DA1C6CEF20B33CAD00911E64 /* Utility */ = {
			isa = PBXGroup;
			children = (
				DA6BE08E20F7A9AF007FA200 /* UserLoginStatus.swift */,
			);
			name = Utility;
			path = Helper/Utility;
			sourceTree = "<group>";
		};
		DA2E85E02043C7F90057C4C6 /* Helper */ = {
			isa = PBXGroup;
			children = (
				DA2E85E12043C8110057C4C6 /* Extensions.swift */,
				DA07068920B5D94700362EFE /* FirebaseDynamicLinkHelper.swift */,
			);
			path = Helper;
			sourceTree = "<group>";
		};
		DA4A8E1220FE5A2A00974268 /* Git */ = {
			isa = PBXGroup;
			children = (
				DA4A8E1320FE5A7700974268 /* .gitignore */,
			);
			path = Git;
			sourceTree = "<group>";
		};
		DA4A8E1720FE609200974268 /* Secret */ = {
			isa = PBXGroup;
			children = (
				DA4A8E1820FE60BE00974268 /* SecretKeys.swift */,
			);
			path = Secret;
			sourceTree = "<group>";
		};
		DA54E48120F92213009BD9E1 /* Stripe */ = {
			isa = PBXGroup;
			children = (
				DA54E48220F92283009BD9E1 /* CheckoutViewController.swift */,
				DA54E48720F92285009BD9E1 /* MyAPIClient.swift */,
				DA54E48620F92284009BD9E1 /* Buttons.swift */,
				DA54E48520F92284009BD9E1 /* CheckoutRowView.swift */,
				DA54E48320F92284009BD9E1 /* PaymentContextFooterView.swift */,
				DA54E48820F92285009BD9E1 /* SettingsViewController.swift */,
			);
			path = Stripe;
			sourceTree = "<group>";
		};
		DA70A9E42089491A00D3F2C3 /* Settings */ = {
			isa = PBXGroup;
			children = (
				DAD28C6720859E8100D5037D /* SettingsTableViewController.swift */,
				DAB6285F208FDC1B00A5890D /* ProfileTableViewController.swift */,
				DA70A9E52089495F00D3F2C3 /* EditProfileTableViewController.swift */,
				DAC4EC8A2094499800EE07A0 /* ChangeEmailViewController.swift */,
				DA620DF2209561710026E4A5 /* ChangePasswordViewController.swift */,
				DA620DF4209589620026E4A5 /* ReferralViewController.swift */,
				DA56C62120A1599300DB38A4 /* PromoCodeViewController.swift */,
				DAD934BC20A2A80900BA6FFD /* PaymentViewController.swift */,
				DAA9C49720C0E9320075F4B3 /* PastOrdersTableViewController.swift */,
				DA6F829820BB8029005E7862 /* NewCreditCardTableViewController.swift */,
				DAD934B920A2A5E400BA6FFD /* UpdateCreditCardViewController.swift */,
			);
			path = Settings;
			sourceTree = "<group>";
		};
		DA91AEBA20A8F25200BEF84B /* ReuseableCell */ = {
			isa = PBXGroup;
			children = (
				DA91AEBD20A8F2F500BEF84B /* LeftLabelCell.swift */,
				DA91AEBB20A8F2C400BEF84B /* LeftLabelCell.xib */,
				DA5EF4DF20AA0C4A0070BD5D /* ImageLabelCell.swift */,
				DA5EF4E120AA0C5F0070BD5D /* ImageLabelCell.xib */,
				DAA9C49920C0E97D0075F4B3 /* PastOrdersCell.swift */,
				DAA9C49B20C0E9C30075F4B3 /* PastOrdersCell.xib */,
				DA8D3D1720DEDAEB00682C8D /* CheckoutCell.swift */,
				DA8D3D1920DEDAFB00682C8D /* CheckoutCell.xib */,
				DA02ABF220EFE8BF0063C68A /* TableSectionHeader.swift */,
				DA02ABF420EFE8CB0063C68A /* TableSectionHeader.xib */,
			);
			path = ReuseableCell;
			sourceTree = "<group>";
		};
		DAB628612090222700A5890D /* Services */ = {
			isa = PBXGroup;
			children = (
				DA2E85DE2043C62E0057C4C6 /* FirebaseAPI.swift */,
				DA5F352B2077C46100A64FA0 /* FacebookAPI.swift */,
				DA4A8E1020FE3E3C00974268 /* StripeAPI.swift */,
				DA973B912107BD91008FB9B1 /* NetworkManager.swift */,
				DA54E48120F92213009BD9E1 /* Stripe */,
			);
			path = Services;
			sourceTree = "<group>";
		};
		DAC462422091164A00673189 /* AppDelegate */ = {
			isa = PBXGroup;
			children = (
				DA13CFFC203E0A7D0021EB7E /* AppDelegate.swift */,
				DAC462432091168500673189 /* BrewiskeyAnalytics.swift */,
			);
			path = AppDelegate;
			sourceTree = "<group>";
		};
		DADC7B70203E175500F87438 /* Data */ = {
			isa = PBXGroup;
			children = (
				DA056E84203FC7A6007EECAE /* DataModel.swift */,
				DA5F352D2077C79D00A64FA0 /* Constants.swift */,
			);
			path = Data;
			sourceTree = "<group>";
		};
		DADC7B71203E176B00F87438 /* View */ = {
			isa = PBXGroup;
			children = (
				DADC7B74203E17E100F87438 /* Login.storyboard */,
				DA13D000203E0A7D0021EB7E /* Main.storyboard */,
			);
			path = View;
			sourceTree = "<group>";
		};
		DADC7B72203E178200F87438 /* Onboarding */ = {
			isa = PBXGroup;
			children = (
				DAE16A042076A0B300B21D30 /* IntroductionScreenViewController.swift */,
				DADC7B76203E6A4900F87438 /* RegisterViewController.swift */,
				DA13CFFE203E0A7D0021EB7E /* LoginViewController.swift */,
				DA056E87203FC982007EECAE /* ForgotPasswordViewController.swift */,
				DA5F352F207825D400A64FA0 /* EmailSentViewController.swift */,
				DAE169FE20769B3B00B21D30 /* BaseOnboardingView.swift */,
				DAE169FC20769AE200B21D30 /* OnboardingView0.xib */,
				DAE16A0220769C9B00B21D30 /* OnboardingView1.xib */,
				DA9F41D6207719E00004797B /* OnboardingView2.xib */,
				DA9F41D820771B7C0004797B /* OnboardingView3.xib */,
				DA9F41DA20771B890004797B /* OnboardingView4.xib */,
			);
			path = Onboarding;
			sourceTree = "<group>";
		};
		DADC7B73203E179600F87438 /* Main */ = {
			isa = PBXGroup;
			children = (
				DA8CA6F721081E5700EDBC0D /* MainTabBarViewController.swift */,
				DA2C31F3204DC4C400FF6444 /* MarketNavController.swift */,
				DABD202720F538240095A03A /* MarketViewController.swift */,
				DA8CA6F52108123F00EDBC0D /* OfflineViewController.swift */,
				DAB177B020421771009F0B45 /* MarketTableViewCell.swift */,
				DA2E916320487F9F00AF0247 /* DetailedViewController.swift */,
				DA21EBB120DBF3DB004D4DEB /* DetailedSelectionViewController.swift */,
				DA8D3D1520DED94600682C8D /* CheckoutTableViewController.swift */,
			);
			path = Main;
			sourceTree = "<group>";
		};
		DAF2024C20E1E2B4001D96FD /* ReuseableView */ = {
			isa = PBXGroup;
			children = (
				DAF2024F20E1E2E8001D96FD /* EmptyCartView.swift */,
				DAF2024D20E1E2DC001D96FD /* EmptyCartView.xib */,
			);
			path = ReuseableView;
			sourceTree = "<group>";
		};
		FE9E7D2D697B8090B543F272 /* Frameworks */ = {
			isa = PBXGroup;
			children = (
				6018CC304C6E50FF5E034F2A /* Pods_Brewiskey.framework */,
			);
			name = Frameworks;
			sourceTree = "<group>";
		};
/* End PBXGroup section */

/* Begin PBXNativeTarget section */
		DA13CFF8203E0A7C0021EB7E /* Brewiskey */ = {
			isa = PBXNativeTarget;
			buildConfigurationList = DA13D00B203E0A7D0021EB7E /* Build configuration list for PBXNativeTarget "Brewiskey" */;
			buildPhases = (
				870062A3AF581A17ECD7A8EE /* [CP] Check Pods Manifest.lock */,
				DA13CFF5203E0A7C0021EB7E /* Sources */,
				DA13CFF6203E0A7C0021EB7E /* Frameworks */,
				DA13CFF7203E0A7C0021EB7E /* Resources */,
				399EB37D478276C5A687DDD8 /* [CP] Embed Pods Frameworks */,
			);
			buildRules = (
			);
			dependencies = (
			);
			name = Brewiskey;
			productName = Brewiskey;
			productReference = DA13CFF9203E0A7D0021EB7E /* Brewiskey.app */;
			productType = "com.apple.product-type.application";
		};
/* End PBXNativeTarget section */

/* Begin PBXProject section */
		DA13CFF1203E0A7C0021EB7E /* Project object */ = {
			isa = PBXProject;
			attributes = {
				LastSwiftUpdateCheck = 0920;
				LastUpgradeCheck = 0920;
				ORGANIZATIONNAME = Paul;
				TargetAttributes = {
					DA13CFF8203E0A7C0021EB7E = {
						CreatedOnToolsVersion = 9.2;
						ProvisioningStyle = Automatic;
						SystemCapabilities = {
							com.apple.ApplePay = {
								enabled = 1;
							};
							com.apple.ApplicationGroups.iOS = {
								enabled = 0;
							};
							com.apple.BackgroundModes = {
								enabled = 0;
							};
							com.apple.HealthKit = {
								enabled = 0;
							};
							com.apple.HomeKit = {
								enabled = 0;
							};
							com.apple.Push = {
								enabled = 1;
							};
							com.apple.SafariKeychain = {
								enabled = 1;
							};
							com.apple.Siri = {
								enabled = 0;
							};
							com.apple.WAC = {
								enabled = 0;
							};
						};
					};
				};
			};
			buildConfigurationList = DA13CFF4203E0A7C0021EB7E /* Build configuration list for PBXProject "Brewiskey" */;
			compatibilityVersion = "Xcode 8.0";
			developmentRegion = en;
			hasScannedForEncodings = 0;
			knownRegions = (
				en,
				Base,
			);
			mainGroup = DA13CFF0203E0A7C0021EB7E;
			productRefGroup = DA13CFFA203E0A7D0021EB7E /* Products */;
			projectDirPath = "";
			projectRoot = "";
			targets = (
				DA13CFF8203E0A7C0021EB7E /* Brewiskey */,
			);
		};
/* End PBXProject section */

/* Begin PBXResourcesBuildPhase section */
		DA13CFF7203E0A7C0021EB7E /* Resources */ = {
			isa = PBXResourcesBuildPhase;
			buildActionMask = 2147483647;
			files = (
				DAE16A0320769C9B00B21D30 /* OnboardingView1.xib in Resources */,
				DA8D3D1A20DEDAFB00682C8D /* CheckoutCell.xib in Resources */,
				DA13D007203E0A7D0021EB7E /* LaunchScreen.storyboard in Resources */,
				DA13D004203E0A7D0021EB7E /* Assets.xcassets in Resources */,
				DA4A8E1420FE5A7700974268 /* .gitignore in Resources */,
				DA5EF4E220AA0C5F0070BD5D /* ImageLabelCell.xib in Resources */,
				DAF2024E20E1E2DC001D96FD /* EmptyCartView.xib in Resources */,
				DAA9C49C20C0E9C30075F4B3 /* PastOrdersCell.xib in Resources */,
				DA02ABF520EFE8CB0063C68A /* TableSectionHeader.xib in Resources */,
				DA9F41D7207719E00004797B /* OnboardingView2.xib in Resources */,
				DA9F41D920771B7C0004797B /* OnboardingView3.xib in Resources */,
				DADC7B75203E17E100F87438 /* Login.storyboard in Resources */,
				DA13D002203E0A7D0021EB7E /* Main.storyboard in Resources */,
				DA91AEBC20A8F2C400BEF84B /* LeftLabelCell.xib in Resources */,
				DA9F41DB20771B890004797B /* OnboardingView4.xib in Resources */,
				DAE169FD20769AE200B21D30 /* OnboardingView0.xib in Resources */,
				DA07068820B5CCA800362EFE /* GoogleService-Info.plist in Resources */,
			);
			runOnlyForDeploymentPostprocessing = 0;
		};
/* End PBXResourcesBuildPhase section */

/* Begin PBXShellScriptBuildPhase section */
		399EB37D478276C5A687DDD8 /* [CP] Embed Pods Frameworks */ = {
			isa = PBXShellScriptBuildPhase;
			buildActionMask = 2147483647;
			files = (
			);
			inputPaths = (
				"${SRCROOT}/Pods/Target Support Files/Pods-Brewiskey/Pods-Brewiskey-frameworks.sh",
				"${BUILT_PRODUCTS_DIR}/Alamofire/Alamofire.framework",
				"${BUILT_PRODUCTS_DIR}/Bolts/Bolts.framework",
				"${BUILT_PRODUCTS_DIR}/FBSDKCoreKit/FBSDKCoreKit.framework",
				"${BUILT_PRODUCTS_DIR}/FBSDKLoginKit/FBSDKLoginKit.framework",
				"${BUILT_PRODUCTS_DIR}/FBSDKShareKit/FBSDKShareKit.framework",
				"${BUILT_PRODUCTS_DIR}/GTMSessionFetcher/GTMSessionFetcher.framework",
				"${BUILT_PRODUCTS_DIR}/GoogleUtilities/GoogleUtilities.framework",
				"${BUILT_PRODUCTS_DIR}/IQKeyboardManagerSwift/IQKeyboardManagerSwift.framework",
				"${BUILT_PRODUCTS_DIR}/ReachabilitySwift/Reachability.framework",
				"${BUILT_PRODUCTS_DIR}/Stripe/Stripe.framework",
				"${BUILT_PRODUCTS_DIR}/leveldb-library/leveldb.framework",
				"${BUILT_PRODUCTS_DIR}/nanopb/nanopb.framework",
			);
			name = "[CP] Embed Pods Frameworks";
			outputPaths = (
				"${TARGET_BUILD_DIR}/${FRAMEWORKS_FOLDER_PATH}/Alamofire.framework",
				"${TARGET_BUILD_DIR}/${FRAMEWORKS_FOLDER_PATH}/Bolts.framework",
				"${TARGET_BUILD_DIR}/${FRAMEWORKS_FOLDER_PATH}/FBSDKCoreKit.framework",
				"${TARGET_BUILD_DIR}/${FRAMEWORKS_FOLDER_PATH}/FBSDKLoginKit.framework",
				"${TARGET_BUILD_DIR}/${FRAMEWORKS_FOLDER_PATH}/FBSDKShareKit.framework",
				"${TARGET_BUILD_DIR}/${FRAMEWORKS_FOLDER_PATH}/GTMSessionFetcher.framework",
				"${TARGET_BUILD_DIR}/${FRAMEWORKS_FOLDER_PATH}/GoogleUtilities.framework",
				"${TARGET_BUILD_DIR}/${FRAMEWORKS_FOLDER_PATH}/IQKeyboardManagerSwift.framework",
				"${TARGET_BUILD_DIR}/${FRAMEWORKS_FOLDER_PATH}/Reachability.framework",
				"${TARGET_BUILD_DIR}/${FRAMEWORKS_FOLDER_PATH}/Stripe.framework",
				"${TARGET_BUILD_DIR}/${FRAMEWORKS_FOLDER_PATH}/leveldb.framework",
				"${TARGET_BUILD_DIR}/${FRAMEWORKS_FOLDER_PATH}/nanopb.framework",
			);
			runOnlyForDeploymentPostprocessing = 0;
			shellPath = /bin/sh;
			shellScript = "\"${SRCROOT}/Pods/Target Support Files/Pods-Brewiskey/Pods-Brewiskey-frameworks.sh\"\n";
			showEnvVarsInLog = 0;
		};
		870062A3AF581A17ECD7A8EE /* [CP] Check Pods Manifest.lock */ = {
			isa = PBXShellScriptBuildPhase;
			buildActionMask = 2147483647;
			files = (
			);
			inputPaths = (
				"${PODS_PODFILE_DIR_PATH}/Podfile.lock",
				"${PODS_ROOT}/Manifest.lock",
			);
			name = "[CP] Check Pods Manifest.lock";
			outputPaths = (
				"$(DERIVED_FILE_DIR)/Pods-Brewiskey-checkManifestLockResult.txt",
			);
			runOnlyForDeploymentPostprocessing = 0;
			shellPath = /bin/sh;
			shellScript = "diff \"${PODS_PODFILE_DIR_PATH}/Podfile.lock\" \"${PODS_ROOT}/Manifest.lock\" > /dev/null\nif [ $? != 0 ] ; then\n    # print error to STDERR\n    echo \"error: The sandbox is not in sync with the Podfile.lock. Run 'pod install' or update your CocoaPods installation.\" >&2\n    exit 1\nfi\n# This output is used by Xcode 'outputs' to avoid re-running this script phase.\necho \"SUCCESS\" > \"${SCRIPT_OUTPUT_FILE_0}\"\n";
			showEnvVarsInLog = 0;
		};
/* End PBXShellScriptBuildPhase section */

/* Begin PBXSourcesBuildPhase section */
		DA13CFF5203E0A7C0021EB7E /* Sources */ = {
			isa = PBXSourcesBuildPhase;
			buildActionMask = 2147483647;
			files = (
				DA6BE08F20F7A9AF007FA200 /* UserLoginStatus.swift in Sources */,
				DA5F352E2077C79D00A64FA0 /* Constants.swift in Sources */,
				DA54E48920F92285009BD9E1 /* CheckoutViewController.swift in Sources */,
				DAC4EC8B2094499800EE07A0 /* ChangeEmailViewController.swift in Sources */,
				DA8D3D1620DED94600682C8D /* CheckoutTableViewController.swift in Sources */,
				DAB62863209035EC00A5890D /* UserDefaultsUtils.swift in Sources */,
				DA21EBB220DBF3DB004D4DEB /* DetailedSelectionViewController.swift in Sources */,
				DAC462442091168500673189 /* BrewiskeyAnalytics.swift in Sources */,
				DA56C62220A1599300DB38A4 /* PromoCodeViewController.swift in Sources */,
				DA2E85DF2043C62E0057C4C6 /* FirebaseAPI.swift in Sources */,
				DA54E48E20F92285009BD9E1 /* MyAPIClient.swift in Sources */,
				DA54E48A20F92285009BD9E1 /* PaymentContextFooterView.swift in Sources */,
				DAB62860208FDC1B00A5890D /* ProfileTableViewController.swift in Sources */,
				DA5F352C2077C46100A64FA0 /* FacebookAPI.swift in Sources */,
				DA07068A20B5D94700362EFE /* FirebaseDynamicLinkHelper.swift in Sources */,
				DA973B922107BD91008FB9B1 /* NetworkManager.swift in Sources */,
				DA8D3D1820DEDAEB00682C8D /* CheckoutCell.swift in Sources */,
				DAE16A052076A0B300B21D30 /* IntroductionScreenViewController.swift in Sources */,
				DAB177B120421771009F0B45 /* MarketTableViewCell.swift in Sources */,
				DA5EF4E020AA0C4A0070BD5D /* ImageLabelCell.swift in Sources */,
				DA70A9E62089495F00D3F2C3 /* EditProfileTableViewController.swift in Sources */,
				DAE169FF20769B3B00B21D30 /* BaseOnboardingView.swift in Sources */,
				DA620DF3209561710026E4A5 /* ChangePasswordViewController.swift in Sources */,
				DAA9C49820C0E9320075F4B3 /* PastOrdersTableViewController.swift in Sources */,
				DAF2025020E1E2E8001D96FD /* EmptyCartView.swift in Sources */,
				DA2C31F4204DC4C400FF6444 /* MarketNavController.swift in Sources */,
				DA6F829920BB8029005E7862 /* NewCreditCardTableViewController.swift in Sources */,
				DA620DF5209589620026E4A5 /* ReferralViewController.swift in Sources */,
				DA54E48C20F92285009BD9E1 /* CheckoutRowView.swift in Sources */,
				DA056E85203FC7A6007EECAE /* DataModel.swift in Sources */,
				DA8CA6F62108124000EDBC0D /* OfflineViewController.swift in Sources */,
				DA54E48F20F92285009BD9E1 /* SettingsViewController.swift in Sources */,
				DA91AEBE20A8F2F500BEF84B /* LeftLabelCell.swift in Sources */,
				DA8CA6F821081E5700EDBC0D /* MainTabBarViewController.swift in Sources */,
				DA4A8E1920FE60BE00974268 /* SecretKeys.swift in Sources */,
				DAA9C49A20C0E97D0075F4B3 /* PastOrdersCell.swift in Sources */,
				DAD934BD20A2A80900BA6FFD /* PaymentViewController.swift in Sources */,
				DA54E48D20F92285009BD9E1 /* Buttons.swift in Sources */,
				DA2E85E22043C8110057C4C6 /* Extensions.swift in Sources */,
				DA056E88203FC982007EECAE /* ForgotPasswordViewController.swift in Sources */,
				DA5F3530207825D400A64FA0 /* EmailSentViewController.swift in Sources */,
				DAD934BA20A2A5E400BA6FFD /* UpdateCreditCardViewController.swift in Sources */,
				DADC7B77203E6A4900F87438 /* RegisterViewController.swift in Sources */,
				DA4A8E1120FE3E3C00974268 /* StripeAPI.swift in Sources */,
				DABD202820F538240095A03A /* MarketViewController.swift in Sources */,
				DA13CFFF203E0A7D0021EB7E /* LoginViewController.swift in Sources */,
				DAB7630D20EB1419000736AA /* StoreReviewHelper.swift in Sources */,
				DA02ABF320EFE8BF0063C68A /* TableSectionHeader.swift in Sources */,
				DA2E916420487F9F00AF0247 /* DetailedViewController.swift in Sources */,
				DA389A7C20774763009F3CE8 /* OnboardingCheckUtils.swift in Sources */,
				DA13CFFD203E0A7D0021EB7E /* AppDelegate.swift in Sources */,
				DAD28C6820859E8100D5037D /* SettingsTableViewController.swift in Sources */,
			);
			runOnlyForDeploymentPostprocessing = 0;
		};
/* End PBXSourcesBuildPhase section */

/* Begin PBXVariantGroup section */
		DA13D000203E0A7D0021EB7E /* Main.storyboard */ = {
			isa = PBXVariantGroup;
			children = (
				DA13D001203E0A7D0021EB7E /* Base */,
			);
			name = Main.storyboard;
			sourceTree = "<group>";
		};
		DA13D005203E0A7D0021EB7E /* LaunchScreen.storyboard */ = {
			isa = PBXVariantGroup;
			children = (
				DA13D006203E0A7D0021EB7E /* Base */,
			);
			name = LaunchScreen.storyboard;
			sourceTree = "<group>";
		};
/* End PBXVariantGroup section */

/* Begin XCBuildConfiguration section */
		DA13D009203E0A7D0021EB7E /* Debug */ = {
			isa = XCBuildConfiguration;
			buildSettings = {
				ALWAYS_SEARCH_USER_PATHS = NO;
				CLANG_ANALYZER_NONNULL = YES;
				CLANG_ANALYZER_NUMBER_OBJECT_CONVERSION = YES_AGGRESSIVE;
				CLANG_CXX_LANGUAGE_STANDARD = "gnu++14";
				CLANG_CXX_LIBRARY = "libc++";
				CLANG_ENABLE_MODULES = YES;
				CLANG_ENABLE_OBJC_ARC = YES;
				CLANG_WARN_BLOCK_CAPTURE_AUTORELEASING = YES;
				CLANG_WARN_BOOL_CONVERSION = YES;
				CLANG_WARN_COMMA = YES;
				CLANG_WARN_CONSTANT_CONVERSION = YES;
				CLANG_WARN_DIRECT_OBJC_ISA_USAGE = YES_ERROR;
				CLANG_WARN_DOCUMENTATION_COMMENTS = YES;
				CLANG_WARN_EMPTY_BODY = YES;
				CLANG_WARN_ENUM_CONVERSION = YES;
				CLANG_WARN_INFINITE_RECURSION = YES;
				CLANG_WARN_INT_CONVERSION = YES;
				CLANG_WARN_NON_LITERAL_NULL_CONVERSION = YES;
				CLANG_WARN_OBJC_LITERAL_CONVERSION = YES;
				CLANG_WARN_OBJC_ROOT_CLASS = YES_ERROR;
				CLANG_WARN_RANGE_LOOP_ANALYSIS = YES;
				CLANG_WARN_STRICT_PROTOTYPES = YES;
				CLANG_WARN_SUSPICIOUS_MOVE = YES;
				CLANG_WARN_UNGUARDED_AVAILABILITY = YES_AGGRESSIVE;
				CLANG_WARN_UNREACHABLE_CODE = YES;
				CLANG_WARN__DUPLICATE_METHOD_MATCH = YES;
				CODE_SIGN_IDENTITY = "iPhone Developer";
				COPY_PHASE_STRIP = NO;
				DEBUG_INFORMATION_FORMAT = dwarf;
				ENABLE_STRICT_OBJC_MSGSEND = YES;
				ENABLE_TESTABILITY = YES;
				GCC_C_LANGUAGE_STANDARD = gnu11;
				GCC_DYNAMIC_NO_PIC = NO;
				GCC_NO_COMMON_BLOCKS = YES;
				GCC_OPTIMIZATION_LEVEL = 0;
				GCC_PREPROCESSOR_DEFINITIONS = (
					"DEBUG=1",
					"$(inherited)",
				);
				GCC_WARN_64_TO_32_BIT_CONVERSION = YES;
				GCC_WARN_ABOUT_RETURN_TYPE = YES_ERROR;
				GCC_WARN_UNDECLARED_SELECTOR = YES;
				GCC_WARN_UNINITIALIZED_AUTOS = YES_AGGRESSIVE;
				GCC_WARN_UNUSED_FUNCTION = YES;
				GCC_WARN_UNUSED_VARIABLE = YES;
				IPHONEOS_DEPLOYMENT_TARGET = 11.2;
				MTL_ENABLE_DEBUG_INFO = YES;
				ONLY_ACTIVE_ARCH = YES;
				SDKROOT = iphoneos;
				SWIFT_ACTIVE_COMPILATION_CONDITIONS = DEBUG;
				SWIFT_OPTIMIZATION_LEVEL = "-Onone";
			};
			name = Debug;
		};
		DA13D00A203E0A7D0021EB7E /* Release */ = {
			isa = XCBuildConfiguration;
			buildSettings = {
				ALWAYS_SEARCH_USER_PATHS = NO;
				CLANG_ANALYZER_NONNULL = YES;
				CLANG_ANALYZER_NUMBER_OBJECT_CONVERSION = YES_AGGRESSIVE;
				CLANG_CXX_LANGUAGE_STANDARD = "gnu++14";
				CLANG_CXX_LIBRARY = "libc++";
				CLANG_ENABLE_MODULES = YES;
				CLANG_ENABLE_OBJC_ARC = YES;
				CLANG_WARN_BLOCK_CAPTURE_AUTORELEASING = YES;
				CLANG_WARN_BOOL_CONVERSION = YES;
				CLANG_WARN_COMMA = YES;
				CLANG_WARN_CONSTANT_CONVERSION = YES;
				CLANG_WARN_DIRECT_OBJC_ISA_USAGE = YES_ERROR;
				CLANG_WARN_DOCUMENTATION_COMMENTS = YES;
				CLANG_WARN_EMPTY_BODY = YES;
				CLANG_WARN_ENUM_CONVERSION = YES;
				CLANG_WARN_INFINITE_RECURSION = YES;
				CLANG_WARN_INT_CONVERSION = YES;
				CLANG_WARN_NON_LITERAL_NULL_CONVERSION = YES;
				CLANG_WARN_OBJC_LITERAL_CONVERSION = YES;
				CLANG_WARN_OBJC_ROOT_CLASS = YES_ERROR;
				CLANG_WARN_RANGE_LOOP_ANALYSIS = YES;
				CLANG_WARN_STRICT_PROTOTYPES = YES;
				CLANG_WARN_SUSPICIOUS_MOVE = YES;
				CLANG_WARN_UNGUARDED_AVAILABILITY = YES_AGGRESSIVE;
				CLANG_WARN_UNREACHABLE_CODE = YES;
				CLANG_WARN__DUPLICATE_METHOD_MATCH = YES;
				CODE_SIGN_IDENTITY = "iPhone Developer";
				COPY_PHASE_STRIP = NO;
				DEBUG_INFORMATION_FORMAT = "dwarf-with-dsym";
				ENABLE_NS_ASSERTIONS = NO;
				ENABLE_STRICT_OBJC_MSGSEND = YES;
				GCC_C_LANGUAGE_STANDARD = gnu11;
				GCC_NO_COMMON_BLOCKS = YES;
				GCC_WARN_64_TO_32_BIT_CONVERSION = YES;
				GCC_WARN_ABOUT_RETURN_TYPE = YES_ERROR;
				GCC_WARN_UNDECLARED_SELECTOR = YES;
				GCC_WARN_UNINITIALIZED_AUTOS = YES_AGGRESSIVE;
				GCC_WARN_UNUSED_FUNCTION = YES;
				GCC_WARN_UNUSED_VARIABLE = YES;
				IPHONEOS_DEPLOYMENT_TARGET = 11.2;
				MTL_ENABLE_DEBUG_INFO = NO;
				SDKROOT = iphoneos;
				SWIFT_OPTIMIZATION_LEVEL = "-Owholemodule";
				VALIDATE_PRODUCT = YES;
			};
			name = Release;
		};
		DA13D00C203E0A7D0021EB7E /* Debug */ = {
			isa = XCBuildConfiguration;
			baseConfigurationReference = F894043FE0F9A2676D6EDB6C /* Pods-Brewiskey.debug.xcconfig */;
			buildSettings = {
				ASSETCATALOG_COMPILER_APPICON_NAME = AppIcon;
				CODE_SIGN_ENTITLEMENTS = Brewiskey/Brewiskey.entitlements;
				CODE_SIGN_IDENTITY = "iPhone Developer";
				CODE_SIGN_STYLE = Automatic;
				DEVELOPMENT_TEAM = HQ9RJZ3A7D;
				INFOPLIST_FILE = Brewiskey/Info.plist;
				LD_RUNPATH_SEARCH_PATHS = "$(inherited) @executable_path/Frameworks";
				PRODUCT_BUNDLE_IDENTIFIER = com.BrewiskeyApp.Group;
				PRODUCT_NAME = "$(TARGET_NAME)";
				PROVISIONING_PROFILE_SPECIFIER = "";
				SWIFT_VERSION = 4.0;
				TARGETED_DEVICE_FAMILY = 1;
			};
			name = Debug;
		};
		DA13D00D203E0A7D0021EB7E /* Release */ = {
			isa = XCBuildConfiguration;
			baseConfigurationReference = 9331F07D589DD426C72146BB /* Pods-Brewiskey.release.xcconfig */;
			buildSettings = {
				ASSETCATALOG_COMPILER_APPICON_NAME = AppIcon;
				CODE_SIGN_ENTITLEMENTS = Brewiskey/Brewiskey.entitlements;
				CODE_SIGN_IDENTITY = "iPhone Developer";
				CODE_SIGN_STYLE = Automatic;
				DEVELOPMENT_TEAM = HQ9RJZ3A7D;
				INFOPLIST_FILE = Brewiskey/Info.plist;
				LD_RUNPATH_SEARCH_PATHS = "$(inherited) @executable_path/Frameworks";
				PRODUCT_BUNDLE_IDENTIFIER = com.BrewiskeyApp.Group;
				PRODUCT_NAME = "$(TARGET_NAME)";
				PROVISIONING_PROFILE_SPECIFIER = "";
				SWIFT_VERSION = 4.0;
				TARGETED_DEVICE_FAMILY = 1;
			};
			name = Release;
		};
/* End XCBuildConfiguration section */

/* Begin XCConfigurationList section */
		DA13CFF4203E0A7C0021EB7E /* Build configuration list for PBXProject "Brewiskey" */ = {
			isa = XCConfigurationList;
			buildConfigurations = (
				DA13D009203E0A7D0021EB7E /* Debug */,
				DA13D00A203E0A7D0021EB7E /* Release */,
			);
			defaultConfigurationIsVisible = 0;
			defaultConfigurationName = Release;
		};
		DA13D00B203E0A7D0021EB7E /* Build configuration list for PBXNativeTarget "Brewiskey" */ = {
			isa = XCConfigurationList;
			buildConfigurations = (
				DA13D00C203E0A7D0021EB7E /* Debug */,
				DA13D00D203E0A7D0021EB7E /* Release */,
			);
			defaultConfigurationIsVisible = 0;
			defaultConfigurationName = Release;
		};
/* End XCConfigurationList section */
	};
	rootObject = DA13CFF1203E0A7C0021EB7E /* Project object */;
}
